
Microsoft Visual Studio Solution File, Format Version 12.00
# Visual Studio Version 17
VisualStudioVersion = 17.6.33815.320
MinimumVisualStudioVersion = 10.0.40219.1
Project("{8BC9CEB8-8B4A-11D0-8D11-00A0C91BC942}") = "ex02_01", "ex02_01\ex02_01.vcxproj", "{F5BC52BE-7A72-4518-811A-EF486CA42D2E}"
EndProject
Project("{8BC9CEB8-8B4A-11D0-8D11-00A0C91BC942}") = "ex02_free", "ex02_free\ex02_free.vcxproj", "{D71573BA-ED59-4648-AC45-871518F941B8}"
EndProject
Global
	GlobalSection(SolutionConfigurationPlatforms) = preSolution
		Debug|x64 = Debug|x64
		Debug|x86 = Debug|x86
		Release|x64 = Release|x64
		Release|x86 = Release|x86
	EndGlobalSection
	GlobalSection(ProjectConfigurationPlatforms) = postSolution
		{F5BC52BE-7A72-4518-811A-EF486CA42D2E}.Debug|x64.ActiveCfg = Debug|x64
		{F5BC52BE-7A72-4518-811A-EF486CA42D2E}.Debug|x64.Build.0 = Debug|x64
		{F5BC52BE-7A72-4518-811A-EF486CA42D2E}.Debug|x86.ActiveCfg = Debug|Win32
		{F5BC52BE-7A72-4518-811A-EF486CA42D2E}.Debug|x86.Build.0 = Debug|Win32
		{F5BC52BE-7A72-4518-811A-EF486CA42D2E}.Release|x64.ActiveCfg = Release|x64
		{F5BC52BE-7A72-4518-811A-EF486CA42D2E}.Release|x64.Build.0 = Release|x64
		{F5BC52BE-7A72-4518-811A-EF486CA42D2E}.Release|x86.ActiveCfg = Release|Win32
		{F5BC52BE-7A72-4518-811A-EF486CA42D2E}.Release|x86.Build.0 = Release|Win32
		{D71573BA-ED59-4648-AC45-871518F941B8}.Debug|x64.ActiveCfg = Debug|x64
		{D71573BA-ED59-4648-AC45-871518F941B8}.Debug|x64.Build.0 = Debug|x64
		{D71573BA-ED59-4648-AC45-871518F941B8}.Debug|x86.ActiveCfg = Debug|Win32
		{D71573BA-ED59-4648-AC45-871518F941B8}.Debug|x86.Build.0 = Debug|Win32
		{D71573BA-ED59-4648-AC45-871518F941B8}.Release|x64.ActiveCfg = Release|x64
		{D71573BA-ED59-4648-AC45-871518F941B8}.Release|x64.Build.0 = Release|x64
		{D71573BA-ED59-4648-AC45-871518F941B8}.Release|x86.ActiveCfg = Release|Win32
		{D71573BA-ED59-4648-AC45-871518F941B8}.Release|x86.Build.0 = Release|Win32
	EndGlobalSection
	GlobalSection(SolutionProperties) = preSolution
		HideSolutionNode = FALSE
	EndGlobalSection
	GlobalSection(ExtensibilityGlobals) = postSolution
		SolutionGuid = {1599A895-A7CB-444B-BC43-FAA7A95EA8C9}
	EndGlobalSection
EndGlobal
